hash: df7d14d940934e925e1dc2311d0cb72dfb89ec0184f9960f9b597b66cfeacf05
updated: 2017-02-26T17:06:31.481675968+05:30
imports:
- name: github.com/inconshreveable/mousetrap
  version: 76626ae9c91c4f2a10f34cad8ce83ea42c93bb75
- name: github.com/spf13/cobra
  version: 99600f6874c95daab762dc2373dc3ee1f6a48575
- name: github.com/spf13/pflag
  version: 9ff6c6923cfffbcd502984b8e0c80539a94968b7
testImports: []
